// !$*UTF8*$!
{
	archiveVersion = 1;
	classes = {
	};
	objectVersion = 53;
	objects = {

/* Begin PBXBuildFile section */
		8945FACF2A385E9A006D8C50 /* TextRecognizer.swift in Sources */ = {isa = PBXBuildFile; fileRef = 8945FACB2A385E99006D8C50 /* TextRecognizer.swift */; };
		8945FAD02A385E9A006D8C50 /* ScannerView.swift in Sources */ = {isa = PBXBuildFile; fileRef = 8945FACC2A385E99006D8C50 /* ScannerView.swift */; };
		8945FAD52A39864C006D8C50 /* MedicineScheduleView.swift in Sources */ = {isa = PBXBuildFile; fileRef = 8945FAD42A39864C006D8C50 /* MedicineScheduleView.swift */; };
		89A280432A567E8200FCA091 /* MedicineParser.swift in Sources */ = {isa = PBXBuildFile; fileRef = 89A280422A567E8200FCA091 /* MedicineParser.swift */; };
		89A280472A581C6100FCA091 /* MedicineCardView.swift in Sources */ = {isa = PBXBuildFile; fileRef = 89A280462A581C6100FCA091 /* MedicineCardView.swift */; };
		89A2804A2A5898AC00FCA091 /* MedicineScheduleViewModel.swift in Sources */ = {isa = PBXBuildFile; fileRef = 89A280492A5898AC00FCA091 /* MedicineScheduleViewModel.swift */; };
		89A2804F2A59397300FCA091 /* MedicinesView.swift in Sources */ = {isa = PBXBuildFile; fileRef = 89A2804E2A59397300FCA091 /* MedicinesView.swift */; };
		89A280512A5970EC00FCA091 /* MedicineDetailsView.swift in Sources */ = {isa = PBXBuildFile; fileRef = 89A280502A5970EC00FCA091 /* MedicineDetailsView.swift */; };
		89A280562A59A83600FCA091 /* View + Extension.swift in Sources */ = {isa = PBXBuildFile; fileRef = 89A280552A59A83600FCA091 /* View + Extension.swift */; };
		89A2805A2A5A903B00FCA091 /* AlertToast in Frameworks */ = {isa = PBXBuildFile; productRef = 89A280592A5A903B00FCA091 /* AlertToast */; };
		89A2805C2A5AD48400FCA091 /* AppEnums + Constants.swift in Sources */ = {isa = PBXBuildFile; fileRef = 89A2805B2A5AD48400FCA091 /* AppEnums + Constants.swift */; };
		89A280622A5E4A3500FCA091 /* NotificationService.swift in Sources */ = {isa = PBXBuildFile; fileRef = 89A280612A5E4A3500FCA091 /* NotificationService.swift */; };
		89BB4DF92A6F80CE00D6FF5F /* Lottie in Frameworks */ = {isa = PBXBuildFile; productRef = 89BB4DF82A6F80CE00D6FF5F /* Lottie */; };
		89BB4DFE2A6F969200D6FF5F /* MedAnimationDark.json in Resources */ = {isa = PBXBuildFile; fileRef = 89BB4DFC2A6F969200D6FF5F /* MedAnimationDark.json */; };
		89BB4DFF2A6F969200D6FF5F /* MedAnimationLight.json in Resources */ = {isa = PBXBuildFile; fileRef = 89BB4DFD2A6F969200D6FF5F /* MedAnimationLight.json */; };
		89BB4E022A6F9F2C00D6FF5F /* AddMedicineView.swift in Sources */ = {isa = PBXBuildFile; fileRef = 89BB4E012A6F9F2C00D6FF5F /* AddMedicineView.swift */; };
		89BB4E252A7216CF00D6FF5F /* LottieView.swift in Sources */ = {isa = PBXBuildFile; fileRef = 89BB4E242A7216CF00D6FF5F /* LottieView.swift */; };
		89CEE4062A31DD840046E2B1 /* Medicine_ReminderApp.swift in Sources */ = {isa = PBXBuildFile; fileRef = 89CEE4052A31DD840046E2B1 /* Medicine_ReminderApp.swift */; };
		89CEE4082A31DD840046E2B1 /* ContentView.swift in Sources */ = {isa = PBXBuildFile; fileRef = 89CEE4072A31DD840046E2B1 /* ContentView.swift */; };
		89CEE40A2A31DD850046E2B1 /* Assets.xcassets in Resources */ = {isa = PBXBuildFile; fileRef = 89CEE4092A31DD850046E2B1 /* Assets.xcassets */; };
		89CEE40D2A31DD850046E2B1 /* Preview Assets.xcassets in Resources */ = {isa = PBXBuildFile; fileRef = 89CEE40C2A31DD850046E2B1 /* Preview Assets.xcassets */; };
		89CEE40F2A31DD850046E2B1 /* Persistence.swift in Sources */ = {isa = PBXBuildFile; fileRef = 89CEE40E2A31DD850046E2B1 /* Persistence.swift */; };
		89CEE4122A31DD850046E2B1 /* Medicine_Reminder.xcdatamodeld in Sources */ = {isa = PBXBuildFile; fileRef = 89CEE4102A31DD850046E2B1 /* Medicine_Reminder.xcdatamodeld */; };
		89CEE41D2A31F11C0046E2B1 /* OnboardingView.swift in Sources */ = {isa = PBXBuildFile; fileRef = 89CEE41C2A31F11C0046E2B1 /* OnboardingView.swift */; };
		89CEE4212A332AAD0046E2B1 /* TabViews.swift in Sources */ = {isa = PBXBuildFile; fileRef = 89CEE4202A332AAD0046E2B1 /* TabViews.swift */; };
		89CEE4232A3335800046E2B1 /* HomeView.swift in Sources */ = {isa = PBXBuildFile; fileRef = 89CEE4222A3335800046E2B1 /* HomeView.swift */; };
/* End PBXBuildFile section */

/* Begin PBXFileReference section */
		8945FACB2A385E99006D8C50 /* TextRecognizer.swift */ = {isa = PBXFileReference; fileEncoding = 4; lastKnownFileType = sourcecode.swift; path = TextRecognizer.swift; sourceTree = "<group>"; };
		8945FACC2A385E99006D8C50 /* ScannerView.swift */ = {isa = PBXFileReference; fileEncoding = 4; lastKnownFileType = sourcecode.swift; path = ScannerView.swift; sourceTree = "<group>"; };
		8945FAD42A39864C006D8C50 /* MedicineScheduleView.swift */ = {isa = PBXFileReference; lastKnownFileType = sourcecode.swift; path = MedicineScheduleView.swift; sourceTree = "<group>"; };
		89A280422A567E8200FCA091 /* MedicineParser.swift */ = {isa = PBXFileReference; fileEncoding = 4; lastKnownFileType = sourcecode.swift; path = MedicineParser.swift; sourceTree = "<group>"; };
		89A280462A581C6100FCA091 /* MedicineCardView.swift */ = {isa = PBXFileReference; lastKnownFileType = sourcecode.swift; path = MedicineCardView.swift; sourceTree = "<group>"; };
		89A280492A5898AC00FCA091 /* MedicineScheduleViewModel.swift */ = {isa = PBXFileReference; lastKnownFileType = sourcecode.swift; path = MedicineScheduleViewModel.swift; sourceTree = "<group>"; };
		89A2804E2A59397300FCA091 /* MedicinesView.swift */ = {isa = PBXFileReference; lastKnownFileType = sourcecode.swift; path = MedicinesView.swift; sourceTree = "<group>"; };
		89A280502A5970EC00FCA091 /* MedicineDetailsView.swift */ = {isa = PBXFileReference; lastKnownFileType = sourcecode.swift; path = MedicineDetailsView.swift; sourceTree = "<group>"; };
		89A280552A59A83600FCA091 /* View + Extension.swift */ = {isa = PBXFileReference; lastKnownFileType = sourcecode.swift; path = "View + Extension.swift"; sourceTree = "<group>"; };
		89A2805B2A5AD48400FCA091 /* AppEnums + Constants.swift */ = {isa = PBXFileReference; lastKnownFileType = sourcecode.swift; path = "AppEnums + Constants.swift"; sourceTree = "<group>"; };
		89A280612A5E4A3500FCA091 /* NotificationService.swift */ = {isa = PBXFileReference; fileEncoding = 4; lastKnownFileType = sourcecode.swift; path = NotificationService.swift; sourceTree = "<group>"; };
		89BB4DFC2A6F969200D6FF5F /* MedAnimationDark.json */ = {isa = PBXFileReference; fileEncoding = 4; lastKnownFileType = text.json; path = MedAnimationDark.json; sourceTree = "<group>"; };
		89BB4DFD2A6F969200D6FF5F /* MedAnimationLight.json */ = {isa = PBXFileReference; fileEncoding = 4; lastKnownFileType = text.json; path = MedAnimationLight.json; sourceTree = "<group>"; };
		89BB4E012A6F9F2C00D6FF5F /* AddMedicineView.swift */ = {isa = PBXFileReference; lastKnownFileType = sourcecode.swift; path = AddMedicineView.swift; sourceTree = "<group>"; };
		89BB4E242A7216CF00D6FF5F /* LottieView.swift */ = {isa = PBXFileReference; lastKnownFileType = sourcecode.swift; path = LottieView.swift; sourceTree = "<group>"; };
		89CEE4022A31DD840046E2B1 /* Medicine Reminder.app */ = {isa = PBXFileReference; explicitFileType = wrapper.application; includeInIndex = 0; path = "Medicine Reminder.app"; sourceTree = BUILT_PRODUCTS_DIR; };
		89CEE4052A31DD840046E2B1 /* Medicine_ReminderApp.swift */ = {isa = PBXFileReference; lastKnownFileType = sourcecode.swift; path = Medicine_ReminderApp.swift; sourceTree = "<group>"; };
		89CEE4072A31DD840046E2B1 /* ContentView.swift */ = {isa = PBXFileReference; lastKnownFileType = sourcecode.swift; path = ContentView.swift; sourceTree = "<group>"; };
		89CEE4092A31DD850046E2B1 /* Assets.xcassets */ = {isa = PBXFileReference; lastKnownFileType = folder.assetcatalog; path = Assets.xcassets; sourceTree = "<group>"; };
		89CEE40C2A31DD850046E2B1 /* Preview Assets.xcassets */ = {isa = PBXFileReference; lastKnownFileType = folder.assetcatalog; path = "Preview Assets.xcassets"; sourceTree = "<group>"; };
		89CEE40E2A31DD850046E2B1 /* Persistence.swift */ = {isa = PBXFileReference; lastKnownFileType = sourcecode.swift; path = Persistence.swift; sourceTree = "<group>"; };
		89CEE4112A31DD850046E2B1 /* Medicine_Reminder.xcdatamodel */ = {isa = PBXFileReference; lastKnownFileType = wrapper.xcdatamodel; path = Medicine_Reminder.xcdatamodel; sourceTree = "<group>"; };
		89CEE4132A31DD850046E2B1 /* Info.plist */ = {isa = PBXFileReference; lastKnownFileType = text.plist.xml; path = Info.plist; sourceTree = "<group>"; };
		89CEE4192A31DDF30046E2B1 /* Medicine Reminder.entitlements */ = {isa = PBXFileReference; lastKnownFileType = text.plist.entitlements; path = "Medicine Reminder.entitlements"; sourceTree = "<group>"; };
		89CEE41C2A31F11C0046E2B1 /* OnboardingView.swift */ = {isa = PBXFileReference; lastKnownFileType = sourcecode.swift; path = OnboardingView.swift; sourceTree = "<group>"; };
		89CEE4202A332AAD0046E2B1 /* TabViews.swift */ = {isa = PBXFileReference; lastKnownFileType = sourcecode.swift; path = TabViews.swift; sourceTree = "<group>"; };
		89CEE4222A3335800046E2B1 /* HomeView.swift */ = {isa = PBXFileReference; lastKnownFileType = sourcecode.swift; path = HomeView.swift; sourceTree = "<group>"; };
/* End PBXFileReference section */

/* Begin PBXFrameworksBuildPhase section */
		89CEE3FF2A31DD840046E2B1 /* Frameworks */ = {
			isa = PBXFrameworksBuildPhase;
			buildActionMask = 2147483647;
			files = (
				89A2805A2A5A903B00FCA091 /* AlertToast in Frameworks */,
				89BB4DF92A6F80CE00D6FF5F /* Lottie in Frameworks */,
			);
			runOnlyForDeploymentPostprocessing = 0;
		};
/* End PBXFrameworksBuildPhase section */

/* Begin PBXGroup section */
		8945FACA2A385E99006D8C50 /* Scan */ = {
			isa = PBXGroup;
			children = (
				8945FACB2A385E99006D8C50 /* TextRecognizer.swift */,
				8945FACC2A385E99006D8C50 /* ScannerView.swift */,
			);
			path = Scan;
			sourceTree = "<group>";
		};
		89A280482A58984A00FCA091 /* ViewModel */ = {
			isa = PBXGroup;
			children = (
				89A280492A5898AC00FCA091 /* MedicineScheduleViewModel.swift */,
			);
			path = ViewModel;
			sourceTree = "<group>";
		};
		89A2804B2A59315500FCA091 /* Utility */ = {
			isa = PBXGroup;
			children = (
				89A280422A567E8200FCA091 /* MedicineParser.swift */,
				89A2805B2A5AD48400FCA091 /* AppEnums + Constants.swift */,
				89A280612A5E4A3500FCA091 /* NotificationService.swift */,
				89CEE40E2A31DD850046E2B1 /* Persistence.swift */,
			);
			path = Utility;
			sourceTree = "<group>";
		};
		89A280572A59A84200FCA091 /* Extensions */ = {
			isa = PBXGroup;
			children = (
				89A280552A59A83600FCA091 /* View + Extension.swift */,
			);
			path = Extensions;
			sourceTree = "<group>";
		};
		89BB4E002A6F9A9500D6FF5F /* Animation-Asset */ = {
			isa = PBXGroup;
			children = (
				89BB4DFC2A6F969200D6FF5F /* MedAnimationDark.json */,
				89BB4DFD2A6F969200D6FF5F /* MedAnimationLight.json */,
			);
			path = "Animation-Asset";
			sourceTree = "<group>";
		};
		89CEE3F92A31DD840046E2B1 = {
			isa = PBXGroup;
			children = (
				89CEE4042A31DD840046E2B1 /* Medicine Reminder */,
				89CEE4032A31DD840046E2B1 /* Products */,
			);
			sourceTree = "<group>";
		};
		89CEE4032A31DD840046E2B1 /* Products */ = {
			isa = PBXGroup;
			children = (
				89CEE4022A31DD840046E2B1 /* Medicine Reminder.app */,
			);
			name = Products;
			sourceTree = "<group>";
		};
		89CEE4042A31DD840046E2B1 /* Medicine Reminder */ = {
			isa = PBXGroup;
			children = (
				89CEE4192A31DDF30046E2B1 /* Medicine Reminder.entitlements */,
				8945FACA2A385E99006D8C50 /* Scan */,
				89CEE41F2A3329840046E2B1 /* Views */,
				89CEE41E2A3329760046E2B1 /* Screens */,
				89A280482A58984A00FCA091 /* ViewModel */,
				89A280572A59A84200FCA091 /* Extensions */,
				89A2804B2A59315500FCA091 /* Utility */,
				89CEE4132A31DD850046E2B1 /* Info.plist */,
				89CEE4092A31DD850046E2B1 /* Assets.xcassets */,
				89BB4E002A6F9A9500D6FF5F /* Animation-Asset */,
				89CEE4102A31DD850046E2B1 /* Medicine_Reminder.xcdatamodeld */,
				89CEE40B2A31DD850046E2B1 /* Preview Content */,
			);
			path = "Medicine Reminder";
			sourceTree = "<group>";
		};
		89CEE40B2A31DD850046E2B1 /* Preview Content */ = {
			isa = PBXGroup;
			children = (
				89CEE40C2A31DD850046E2B1 /* Preview Assets.xcassets */,
			);
			path = "Preview Content";
			sourceTree = "<group>";
		};
		89CEE41E2A3329760046E2B1 /* Screens */ = {
			isa = PBXGroup;
			children = (
				89CEE4222A3335800046E2B1 /* HomeView.swift */,
				89A2804E2A59397300FCA091 /* MedicinesView.swift */,
				89BB4E012A6F9F2C00D6FF5F /* AddMedicineView.swift */,
				8945FAD42A39864C006D8C50 /* MedicineScheduleView.swift */,
				89CEE41C2A31F11C0046E2B1 /* OnboardingView.swift */,
			);
			path = Screens;
			sourceTree = "<group>";
		};
		89CEE41F2A3329840046E2B1 /* Views */ = {
			isa = PBXGroup;
			children = (
				89CEE4052A31DD840046E2B1 /* Medicine_ReminderApp.swift */,
				89CEE4072A31DD840046E2B1 /* ContentView.swift */,
				89CEE4202A332AAD0046E2B1 /* TabViews.swift */,
				89BB4E242A7216CF00D6FF5F /* LottieView.swift */,
				89A280462A581C6100FCA091 /* MedicineCardView.swift */,
				89A280502A5970EC00FCA091 /* MedicineDetailsView.swift */,
			);
			path = Views;
			sourceTree = "<group>";
		};
/* End PBXGroup section */

/* Begin PBXNativeTarget section */
		89CEE4012A31DD840046E2B1 /* Medicine Reminder */ = {
			isa = PBXNativeTarget;
			buildConfigurationList = 89CEE4162A31DD850046E2B1 /* Build configuration list for PBXNativeTarget "Medicine Reminder" */;
			buildPhases = (
				89CEE3FE2A31DD840046E2B1 /* Sources */,
				89CEE3FF2A31DD840046E2B1 /* Frameworks */,
				89CEE4002A31DD840046E2B1 /* Resources */,
			);
			buildRules = (
			);
			dependencies = (
			);
			name = "Medicine Reminder";
			packageProductDependencies = (
				89A280592A5A903B00FCA091 /* AlertToast */,
				89BB4DF82A6F80CE00D6FF5F /* Lottie */,
			);
			productName = "Medicine Reminder";
			productReference = 89CEE4022A31DD840046E2B1 /* Medicine Reminder.app */;
			productType = "com.apple.product-type.application";
		};
/* End PBXNativeTarget section */

/* Begin PBXProject section */
		89CEE3FA2A31DD840046E2B1 /* Project object */ = {
			isa = PBXProject;
			attributes = {
				BuildIndependentTargetsInParallel = 1;
				LastSwiftUpdateCheck = 1420;
				LastUpgradeCheck = 1420;
				TargetAttributes = {
					89CEE4012A31DD840046E2B1 = {
						CreatedOnToolsVersion = 14.2;
					};
				};
			};
			buildConfigurationList = 89CEE3FD2A31DD840046E2B1 /* Build configuration list for PBXProject "Medicine Reminder" */;
			compatibilityVersion = "Xcode 11.0";
			developmentRegion = en;
			hasScannedForEncodings = 0;
			knownRegions = (
				en,
				Base,
			);
			mainGroup = 89CEE3F92A31DD840046E2B1;
			packageReferences = (
				89A280582A5A903B00FCA091 /* XCRemoteSwiftPackageReference "AlertToast" */,
				89BB4DF72A6F80CE00D6FF5F /* XCRemoteSwiftPackageReference "lottie-spm" */,
			);
			productRefGroup = 89CEE4032A31DD840046E2B1 /* Products */;
			projectDirPath = "";
			projectRoot = "";
			targets = (
				89CEE4012A31DD840046E2B1 /* Medicine Reminder */,
			);
		};
/* End PBXProject section */

/* Begin PBXResourcesBuildPhase section */
		89CEE4002A31DD840046E2B1 /* Resources */ = {
			isa = PBXResourcesBuildPhase;
			buildActionMask = 2147483647;
			files = (
				89BB4DFF2A6F969200D6FF5F /* MedAnimationLight.json in Resources */,
				89CEE40D2A31DD850046E2B1 /* Preview Assets.xcassets in Resources */,
				89CEE40A2A31DD850046E2B1 /* Assets.xcassets in Resources */,
				89BB4DFE2A6F969200D6FF5F /* MedAnimationDark.json in Resources */,
			);
			runOnlyForDeploymentPostprocessing = 0;
		};
/* End PBXResourcesBuildPhase section */

/* Begin PBXSourcesBuildPhase section */
		89CEE3FE2A31DD840046E2B1 /* Sources */ = {
			isa = PBXSourcesBuildPhase;
			buildActionMask = 2147483647;
			files = (
				8945FAD02A385E9A006D8C50 /* ScannerView.swift in Sources */,
				89A2804A2A5898AC00FCA091 /* MedicineScheduleViewModel.swift in Sources */,
				89CEE40F2A31DD850046E2B1 /* Persistence.swift in Sources */,
				89A280512A5970EC00FCA091 /* MedicineDetailsView.swift in Sources */,
				89A2805C2A5AD48400FCA091 /* AppEnums + Constants.swift in Sources */,
				89A280432A567E8200FCA091 /* MedicineParser.swift in Sources */,
				89CEE4232A3335800046E2B1 /* HomeView.swift in Sources */,
				89A280622A5E4A3500FCA091 /* NotificationService.swift in Sources */,
				89CEE4122A31DD850046E2B1 /* Medicine_Reminder.xcdatamodeld in Sources */,
				89A2804F2A59397300FCA091 /* MedicinesView.swift in Sources */,
				89CEE4082A31DD840046E2B1 /* ContentView.swift in Sources */,
				89BB4E252A7216CF00D6FF5F /* LottieView.swift in Sources */,
				89A280472A581C6100FCA091 /* MedicineCardView.swift in Sources */,
				89BB4E022A6F9F2C00D6FF5F /* AddMedicineView.swift in Sources */,
				8945FACF2A385E9A006D8C50 /* TextRecognizer.swift in Sources */,
				89CEE41D2A31F11C0046E2B1 /* OnboardingView.swift in Sources */,
				89CEE4212A332AAD0046E2B1 /* TabViews.swift in Sources */,
				89A280562A59A83600FCA091 /* View + Extension.swift in Sources */,
				89CEE4062A31DD840046E2B1 /* Medicine_ReminderApp.swift in Sources */,
				8945FAD52A39864C006D8C50 /* MedicineScheduleView.swift in Sources */,
			);
			runOnlyForDeploymentPostprocessing = 0;
		};
/* End PBXSourcesBuildPhase section */

/* Begin XCBuildConfiguration section */
		89CEE4142A31DD850046E2B1 /* Debug */ = {
			isa = XCBuildConfiguration;
			buildSettings = {
				ALWAYS_SEARCH_USER_PATHS = NO;
				CLANG_ANALYZER_NONNULL = YES;
				CLANG_ANALYZER_NUMBER_OBJECT_CONVERSION = YES_AGGRESSIVE;
				CLANG_CXX_LANGUAGE_STANDARD = "gnu++20";
				CLANG_ENABLE_MODULES = YES;
				CLANG_ENABLE_OBJC_ARC = YES;
				CLANG_ENABLE_OBJC_WEAK = YES;
				CLANG_WARN_BLOCK_CAPTURE_AUTORELEASING = YES;
				CLANG_WARN_BOOL_CONVERSION = YES;
				CLANG_WARN_COMMA = YES;
				CLANG_WARN_CONSTANT_CONVERSION = YES;
				CLANG_WARN_DEPRECATED_OBJC_IMPLEMENTATIONS = YES;
				CLANG_WARN_DIRECT_OBJC_ISA_USAGE = YES_ERROR;
				CLANG_WARN_DOCUMENTATION_COMMENTS = YES;
				CLANG_WARN_EMPTY_BODY = YES;
				CLANG_WARN_ENUM_CONVERSION = YES;
				CLANG_WARN_INFINITE_RECURSION = YES;
				CLANG_WARN_INT_CONVERSION = YES;
				CLANG_WARN_NON_LITERAL_NULL_CONVERSION = YES;
				CLANG_WARN_OBJC_IMPLICIT_RETAIN_SELF = YES;
				CLANG_WARN_OBJC_LITERAL_CONVERSION = YES;
				CLANG_WARN_OBJC_ROOT_CLASS = YES_ERROR;
				CLANG_WARN_QUOTED_INCLUDE_IN_FRAMEWORK_HEADER = YES;
				CLANG_WARN_RANGE_LOOP_ANALYSIS = YES;
				CLANG_WARN_STRICT_PROTOTYPES = YES;
				CLANG_WARN_SUSPICIOUS_MOVE = YES;
				CLANG_WARN_UNGUARDED_AVAILABILITY = YES_AGGRESSIVE;
				CLANG_WARN_UNREACHABLE_CODE = YES;
				CLANG_WARN__DUPLICATE_METHOD_MATCH = YES;
				COPY_PHASE_STRIP = NO;
				DEBUG_INFORMATION_FORMAT = dwarf;
				ENABLE_STRICT_OBJC_MSGSEND = YES;
				ENABLE_TESTABILITY = YES;
				GCC_C_LANGUAGE_STANDARD = gnu11;
				GCC_DYNAMIC_NO_PIC = NO;
				GCC_NO_COMMON_BLOCKS = YES;
				GCC_OPTIMIZATION_LEVEL = 0;
				GCC_PREPROCESSOR_DEFINITIONS = (
					"DEBUG=1",
					"$(inherited)",
				);
				GCC_WARN_64_TO_32_BIT_CONVERSION = YES;
				GCC_WARN_ABOUT_RETURN_TYPE = YES_ERROR;
				GCC_WARN_UNDECLARED_SELECTOR = YES;
				GCC_WARN_UNINITIALIZED_AUTOS = YES_AGGRESSIVE;
				GCC_WARN_UNUSED_FUNCTION = YES;
				GCC_WARN_UNUSED_VARIABLE = YES;
				IPHONEOS_DEPLOYMENT_TARGET = 16.2;
				MTL_ENABLE_DEBUG_INFO = INCLUDE_SOURCE;
				MTL_FAST_MATH = YES;
				ONLY_ACTIVE_ARCH = YES;
				SDKROOT = iphoneos;
				SWIFT_ACTIVE_COMPILATION_CONDITIONS = DEBUG;
				SWIFT_OPTIMIZATION_LEVEL = "-Onone";
			};
			name = Debug;
		};
		89CEE4152A31DD850046E2B1 /* Release */ = {
			isa = XCBuildConfiguration;
			buildSettings = {
				ALWAYS_SEARCH_USER_PATHS = NO;
				CLANG_ANALYZER_NONNULL = YES;
				CLANG_ANALYZER_NUMBER_OBJECT_CONVERSION = YES_AGGRESSIVE;
				CLANG_CXX_LANGUAGE_STANDARD = "gnu++20";
				CLANG_ENABLE_MODULES = YES;
				CLANG_ENABLE_OBJC_ARC = YES;
				CLANG_ENABLE_OBJC_WEAK = YES;
				CLANG_WARN_BLOCK_CAPTURE_AUTORELEASING = YES;
				CLANG_WARN_BOOL_CONVERSION = YES;
				CLANG_WARN_COMMA = YES;
				CLANG_WARN_CONSTANT_CONVERSION = YES;
				CLANG_WARN_DEPRECATED_OBJC_IMPLEMENTATIONS = YES;
				CLANG_WARN_DIRECT_OBJC_ISA_USAGE = YES_ERROR;
				CLANG_WARN_DOCUMENTATION_COMMENTS = YES;
				CLANG_WARN_EMPTY_BODY = YES;
				CLANG_WARN_ENUM_CONVERSION = YES;
				CLANG_WARN_INFINITE_RECURSION = YES;
				CLANG_WARN_INT_CONVERSION = YES;
				CLANG_WARN_NON_LITERAL_NULL_CONVERSION = YES;
				CLANG_WARN_OBJC_IMPLICIT_RETAIN_SELF = YES;
				CLANG_WARN_OBJC_LITERAL_CONVERSION = YES;
				CLANG_WARN_OBJC_ROOT_CLASS = YES_ERROR;
				CLANG_WARN_QUOTED_INCLUDE_IN_FRAMEWORK_HEADER = YES;
				CLANG_WARN_RANGE_LOOP_ANALYSIS = YES;
				CLANG_WARN_STRICT_PROTOTYPES = YES;
				CLANG_WARN_SUSPICIOUS_MOVE = YES;
				CLANG_WARN_UNGUARDED_AVAILABILITY = YES_AGGRESSIVE;
				CLANG_WARN_UNREACHABLE_CODE = YES;
				CLANG_WARN__DUPLICATE_METHOD_MATCH = YES;
				COPY_PHASE_STRIP = NO;
				DEBUG_INFORMATION_FORMAT = "dwarf-with-dsym";
				ENABLE_NS_ASSERTIONS = NO;
				ENABLE_STRICT_OBJC_MSGSEND = YES;
				GCC_C_LANGUAGE_STANDARD = gnu11;
				GCC_NO_COMMON_BLOCKS = YES;
				GCC_WARN_64_TO_32_BIT_CONVERSION = YES;
				GCC_WARN_ABOUT_RETURN_TYPE = YES_ERROR;
				GCC_WARN_UNDECLARED_SELECTOR = YES;
				GCC_WARN_UNINITIALIZED_AUTOS = YES_AGGRESSIVE;
				GCC_WARN_UNUSED_FUNCTION = YES;
				GCC_WARN_UNUSED_VARIABLE = YES;
				IPHONEOS_DEPLOYMENT_TARGET = 16.2;
				MTL_ENABLE_DEBUG_INFO = NO;
				MTL_FAST_MATH = YES;
				SDKROOT = iphoneos;
				SWIFT_COMPILATION_MODE = wholemodule;
				SWIFT_OPTIMIZATION_LEVEL = "-O";
				VALIDATE_PRODUCT = YES;
			};
			name = Release;
		};
		89CEE4172A31DD850046E2B1 /* Debug */ = {
			isa = XCBuildConfiguration;
			buildSettings = {
				ASSETCATALOG_COMPILER_APPICON_NAME = AppIcon;
				ASSETCATALOG_COMPILER_GLOBAL_ACCENT_COLOR_NAME = AccentColor;
				CODE_SIGN_ENTITLEMENTS = "Medicine Reminder/Medicine Reminder.entitlements";
				"CODE_SIGN_IDENTITY[sdk=iphoneos*]" = "iPhone Developer";
				CODE_SIGN_STYLE = Manual;
				CURRENT_PROJECT_VERSION = 1;
				DEVELOPMENT_ASSET_PATHS = "\"Medicine Reminder/Preview Content\"";
				DEVELOPMENT_TEAM = "";
				"DEVELOPMENT_TEAM[sdk=iphoneos*]" = 2BL4KQW6R5;
				ENABLE_PREVIEWS = YES;
				GENERATE_INFOPLIST_FILE = YES;
				INFOPLIST_KEY_NSCameraUsageDescription = "Please allow camera";
				INFOPLIST_KEY_UIApplicationSceneManifest_Generation = YES;
				INFOPLIST_KEY_UIApplicationSupportsIndirectInputEvents = YES;
				INFOPLIST_KEY_UILaunchScreen_Generation = YES;
				INFOPLIST_KEY_UISupportedInterfaceOrientations_iPad = "UIInterfaceOrientationPortrait UIInterfaceOrientationPortraitUpsideDown UIInterfaceOrientationLandscapeLeft UIInterfaceOrientationLandscapeRight";
				INFOPLIST_KEY_UISupportedInterfaceOrientations_iPhone = "UIInterfaceOrientationPortrait UIInterfaceOrientationLandscapeLeft UIInterfaceOrientationLandscapeRight";
				IPHONEOS_DEPLOYMENT_TARGET = 15.0;
				LD_RUNPATH_SEARCH_PATHS = (
					"$(inherited)",
					"@executable_path/Frameworks",
				);
				MARKETING_VERSION = 1.0;
				PRODUCT_BUNDLE_IDENTIFIER = com.bjitgroup.upskill;
				PRODUCT_NAME = "$(TARGET_NAME)";
				PROVISIONING_PROFILE_SPECIFIER = "";
				"PROVISIONING_PROFILE_SPECIFIER[sdk=iphoneos*]" = "BJIT UpSkill Dev";
				SWIFT_EMIT_LOC_STRINGS = YES;
				SWIFT_VERSION = 5.0;
				TARGETED_DEVICE_FAMILY = "1,2";
			};
			name = Debug;
		};
		89CEE4182A31DD850046E2B1 /* Release */ = {
			isa = XCBuildConfiguration;
			buildSettings = {
				ASSETCATALOG_COMPILER_APPICON_NAME = AppIcon;
				ASSETCATALOG_COMPILER_GLOBAL_ACCENT_COLOR_NAME = AccentColor;
				CODE_SIGN_ENTITLEMENTS = "Medicine Reminder/Medicine Reminder.entitlements";
				"CODE_SIGN_IDENTITY[sdk=iphoneos*]" = "iPhone Developer";
				CODE_SIGN_STYLE = Manual;
				CURRENT_PROJECT_VERSION = 1;
				DEVELOPMENT_ASSET_PATHS = "\"Medicine Reminder/Preview Content\"";
				DEVELOPMENT_TEAM = "";
				"DEVELOPMENT_TEAM[sdk=iphoneos*]" = 2BL4KQW6R5;
				ENABLE_PREVIEWS = YES;
				GENERATE_INFOPLIST_FILE = YES;
				INFOPLIST_KEY_NSCameraUsageDescription = "Please allow camera";
				INFOPLIST_KEY_UIApplicationSceneManifest_Generation = YES;
				INFOPLIST_KEY_UIApplicationSupportsIndirectInputEvents = YES;
				INFOPLIST_KEY_UILaunchScreen_Generation = YES;
				INFOPLIST_KEY_UISupportedInterfaceOrientations_iPad = "UIInterfaceOrientationPortrait UIInterfaceOrientationPortraitUpsideDown UIInterfaceOrientationLandscapeLeft UIInterfaceOrientationLandscapeRight";
				INFOPLIST_KEY_UISupportedInterfaceOrientations_iPhone = "UIInterfaceOrientationPortrait UIInterfaceOrientationLandscapeLeft UIInterfaceOrientationLandscapeRight";
				IPHONEOS_DEPLOYMENT_TARGET = 15.0;
				LD_RUNPATH_SEARCH_PATHS = (
					"$(inherited)",
					"@executable_path/Frameworks",
				);
				MARKETING_VERSION = 1.0;
				PRODUCT_BUNDLE_IDENTIFIER = com.bjitgroup.upskill;
				PRODUCT_NAME = "$(TARGET_NAME)";
				PROVISIONING_PROFILE_SPECIFIER = "";
				"PROVISIONING_PROFILE_SPECIFIER[sdk=iphoneos*]" = "BJIT UpSkill Dev";
				SWIFT_EMIT_LOC_STRINGS = YES;
				SWIFT_VERSION = 5.0;
				TARGETED_DEVICE_FAMILY = "1,2";
			};
			name = Release;
		};
/* End XCBuildConfiguration section */

/* Begin XCConfigurationList section */
		89CEE3FD2A31DD840046E2B1 /* Build configuration list for PBXProject "Medicine Reminder" */ = {
			isa = XCConfigurationList;
			buildConfigurations = (
				89CEE4142A31DD850046E2B1 /* Debug */,
				89CEE4152A31DD850046E2B1 /* Release */,
			);
			defaultConfigurationIsVisible = 0;
			defaultConfigurationName = Release;
		};
		89CEE4162A31DD850046E2B1 /* Build configuration list for PBXNativeTarget "Medicine Reminder" */ = {
			isa = XCConfigurationList;
			buildConfigurations = (
				89CEE4172A31DD850046E2B1 /* Debug */,
				89CEE4182A31DD850046E2B1 /* Release */,
			);
			defaultConfigurationIsVisible = 0;
			defaultConfigurationName = Release;
		};
/* End XCConfigurationList section */

/* Begin XCRemoteSwiftPackageReference section */
		89A280582A5A903B00FCA091 /* XCRemoteSwiftPackageReference "AlertToast" */ = {
			isa = XCRemoteSwiftPackageReference;
			repositoryURL = "https://github.com/elai950/AlertToast.git";
			requirement = {
				branch = master;
				kind = branch;
			};
		};
		89BB4DF72A6F80CE00D6FF5F /* XCRemoteSwiftPackageReference "lottie-spm" */ = {
			isa = XCRemoteSwiftPackageReference;
			repositoryURL = "https://github.com/airbnb/lottie-spm.git";
			requirement = {
				kind = upToNextMajorVersion;
				minimumVersion = 4.0.0;
			};
		};
/* End XCRemoteSwiftPackageReference section */

/* Begin XCSwiftPackageProductDependency section */
		89A280592A5A903B00FCA091 /* AlertToast */ = {
			isa = XCSwiftPackageProductDependency;
			package = 89A280582A5A903B00FCA091 /* XCRemoteSwiftPackageReference "AlertToast" */;
			productName = AlertToast;
		};
		89BB4DF82A6F80CE00D6FF5F /* Lottie */ = {
			isa = XCSwiftPackageProductDependency;
			package = 89BB4DF72A6F80CE00D6FF5F /* XCRemoteSwiftPackageReference "lottie-spm" */;
			productName = Lottie;
		};
/* End XCSwiftPackageProductDependency section */

/* Begin XCVersionGroup section */
		89CEE4102A31DD850046E2B1 /* Medicine_Reminder.xcdatamodeld */ = {
			isa = XCVersionGroup;
			children = (
				89CEE4112A31DD850046E2B1 /* Medicine_Reminder.xcdatamodel */,
			);
			currentVersion = 89CEE4112A31DD850046E2B1 /* Medicine_Reminder.xcdatamodel */;
			path = Medicine_Reminder.xcdatamodeld;
			sourceTree = "<group>";
			versionGroupType = wrapper.xcdatamodel;
		};
/* End XCVersionGroup section */
	};
	rootObject = 89CEE3FA2A31DD840046E2B1 /* Project object */;
}
